{
  "version": 4,
  "terraform_version": "1.12.2",
  "serial": 8,
  "lineage": "f9a99b66-acd8-cfaa-6483-df3792adf7a5",
  "outputs": {
    "subscription_id": {
      "value": "projects/email-manager-467721/subscriptions/my-subscription",
      "type": "string"
    },
    "subscription_name": {
      "value": "my-subscription",
      "type": "string"
    },
    "subscription_push_endpoint": {
      "value": "https://iuhs6kem95.execute-api.us-east-1.amazonaws.com/dev/receive_email",
      "type": "string"
    },
    "subscription_push_service_account": {
      "value": "email-manager@email-manager-467721.iam.gserviceaccount.com",
      "type": "string"
    },
    "topic_id": {
      "value": "projects/email-manager-467721/topics/my-topic",
      "type": "string"
    },
    "topic_name": {
      "value": "my-topic",
      "type": "string"
    }
  },
  "resources": [
    {
      "mode": "managed",
      "type": "google_pubsub_subscription",
      "name": "my_subscription",
      "provider": "provider[\"registry.terraform.io/hashicorp/google\"]",
      "instances": [
        {
          "schema_version": 0,
          "attributes": {
            "ack_deadline_seconds": 20,
            "bigquery_config": [],
            "cloud_storage_config": [],
            "dead_letter_policy": [],
            "effective_labels": {
              "goog-terraform-provisioned": "true"
            },
            "enable_exactly_once_delivery": false,
            "enable_message_ordering": false,
            "expiration_policy": [
              {
                "ttl": "2678400s"
              }
            ],
            "filter": "",
            "id": "projects/email-manager-467721/subscriptions/my-subscription",
            "labels": {},
            "message_retention_duration": "86400s",
            "message_transforms": [],
            "name": "my-subscription",
            "project": "email-manager-467721",
            "push_config": [
              {
                "attributes": null,
                "no_wrapper": [],
                "oidc_token": [
                  {
                    "audience": "",
                    "service_account_email": "email-manager@email-manager-467721.iam.gserviceaccount.com"
                  }
                ],
                "push_endpoint": "https://iuhs6kem95.execute-api.us-east-1.amazonaws.com/dev/receive_email"
              }
            ],
            "retain_acked_messages": false,
            "retry_policy": [],
            "terraform_labels": {
              "goog-terraform-provisioned": "true"
            },
            "timeouts": null,
            "topic": "projects/email-manager-467721/topics/my-topic"
          },
          "sensitive_attributes": [],
          "identity_schema_version": 0,
          "private": "eyJlMmJmYjczMC1lY2FhLTExZTYtOGY4OC0zNDM2M2JjN2M0YzAiOnsiY3JlYXRlIjoxMjAwMDAwMDAwMDAwLCJkZWxldGUiOjEyMDAwMDAwMDAwMDAsInVwZGF0ZSI6MTIwMDAwMDAwMDAwMH19",
          "dependencies": [
            "google_pubsub_topic.my_topic"
          ]
        }
      ]
    },
    {
      "mode": "managed",
      "type": "google_pubsub_topic",
      "name": "my_topic",
      "provider": "provider[\"registry.terraform.io/hashicorp/google\"]",
      "instances": [
        {
          "schema_version": 0,
          "attributes": {
            "effective_labels": {
              "goog-terraform-provisioned": "true"
            },
            "id": "projects/email-manager-467721/topics/my-topic",
            "ingestion_data_source_settings": [],
            "kms_key_name": "",
            "labels": {},
            "message_retention_duration": "",
            "message_storage_policy": [],
            "message_transforms": [],
            "name": "my-topic",
            "project": "email-manager-467721",
            "schema_settings": [],
            "terraform_labels": {
              "goog-terraform-provisioned": "true"
            },
            "timeouts": null
          },
          "sensitive_attributes": [],
          "identity_schema_version": 0,
          "private": "eyJlMmJmYjczMC1lY2FhLTExZTYtOGY4OC0zNDM2M2JjN2M0YzAiOnsiY3JlYXRlIjoxMjAwMDAwMDAwMDAwLCJkZWxldGUiOjEyMDAwMDAwMDAwMDAsInVwZGF0ZSI6MTIwMDAwMDAwMDAwMH19"
        }
      ]
    }
  ],
  "check_results": null
}
